
Microsoft Visual Studio Solution File, Format Version 12.00
# Visual Studio 14
VisualStudioVersion = 14.0.24720.0
MinimumVisualStudioVersion = 10.0.40219.1
Project("{F2A71F9B-5D33-465A-A702-920D77279786}") = "Vale", "Vale.fsproj", "{AED5B384-05C9-4391-ADA9-B35089EC410D}"
EndProject
Global
	GlobalSection(SolutionConfigurationPlatforms) = preSolution
		Debug|Any CPU = Debug|Any CPU
		Release|Any CPU = Release|Any CPU
	EndGlobalSection
	GlobalSection(ProjectConfigurationPlatforms) = postSolution
		{AED5B384-05C9-4391-ADA9-B35089EC410D}.Debug|Any CPU.ActiveCfg = Debug|Any CPU
		{AED5B384-05C9-4391-ADA9-B35089EC410D}.Debug|Any CPU.Build.0 = Debug|Any CPU
		{AED5B384-05C9-4391-ADA9-B35089EC410D}.Release|Any CPU.ActiveCfg = Release|Any CPU
		{AED5B384-05C9-4391-ADA9-B35089EC410D}.Release|Any CPU.Build.0 = Release|Any CPU
	EndGlobalSection
	GlobalSection(SolutionProperties) = preSolution
		HideSolutionNode = FALSE
	EndGlobalSection
EndGlobal
